
Microsoft Visual Studio Solution File, Format Version 12.00
# Visual Studio Version 17
VisualStudioVersion = 17.2.32616.157
MinimumVisualStudioVersion = 10.0.40219.1
Project("{FAE04EC0-301F-11D3-BF4B-00C04F79EFBC}") = "27-07-22", "27-07-22.csproj", "{61E2B777-7F0C-483E-AB04-D8B5012B3C81}"
EndProject
Global
	GlobalSection(SolutionConfigurationPlatforms) = preSolution
		Debug|Any CPU = Debug|Any CPU
		Release|Any CPU = Release|Any CPU
	EndGlobalSection
	GlobalSection(ProjectConfigurationPlatforms) = postSolution
		{61E2B777-7F0C-483E-AB04-D8B5012B3C81}.Debug|Any CPU.ActiveCfg = Debug|Any CPU
		{61E2B777-7F0C-483E-AB04-D8B5012B3C81}.Debug|Any CPU.Build.0 = Debug|Any CPU
		{61E2B777-7F0C-483E-AB04-D8B5012B3C81}.Release|Any CPU.ActiveCfg = Release|Any CPU
		{61E2B777-7F0C-483E-AB04-D8B5012B3C81}.Release|Any CPU.Build.0 = Release|Any CPU
	EndGlobalSection
	GlobalSection(SolutionProperties) = preSolution
		HideSolutionNode = FALSE
	EndGlobalSection
	GlobalSection(ExtensibilityGlobals) = postSolution
		SolutionGuid = {B8083598-13B1-4EDD-B087-CC783D31371D}
	EndGlobalSection
EndGlobal
